
Microsoft Visual Studio Solution File, Format Version 12.00
# Visual Studio Version 17
VisualStudioVersion = 17.6.33829.357
MinimumVisualStudioVersion = 10.0.40219.1
Project("{FAE04EC0-301F-11D3-BF4B-00C04F79EFBC}") = "Obl opgave 1", "Obl opgave 1\Obl opgave 1.csproj", "{66019DD1-077F-4B8A-91A6-C82A931FE479}"
EndProject
Project("{FAE04EC0-301F-11D3-BF4B-00C04F79EFBC}") = "Obl opgave 1Tests", "Obl opgave 1Tests\Obl opgave 1Tests.csproj", "{99779B63-0E37-4F73-95F5-9A24990B4B9C}"
EndProject
Global
	GlobalSection(SolutionConfigurationPlatforms) = preSolution
		Debug|Any CPU = Debug|Any CPU
		Release|Any CPU = Release|Any CPU
	EndGlobalSection
	GlobalSection(ProjectConfigurationPlatforms) = postSolution
		{66019DD1-077F-4B8A-91A6-C82A931FE479}.Debug|Any CPU.ActiveCfg = Debug|Any CPU
		{66019DD1-077F-4B8A-91A6-C82A931FE479}.Debug|Any CPU.Build.0 = Debug|Any CPU
		{66019DD1-077F-4B8A-91A6-C82A931FE479}.Release|Any CPU.ActiveCfg = Release|Any CPU
		{66019DD1-077F-4B8A-91A6-C82A931FE479}.Release|Any CPU.Build.0 = Release|Any CPU
		{99779B63-0E37-4F73-95F5-9A24990B4B9C}.Debug|Any CPU.ActiveCfg = Debug|Any CPU
		{99779B63-0E37-4F73-95F5-9A24990B4B9C}.Debug|Any CPU.Build.0 = Debug|Any CPU
		{99779B63-0E37-4F73-95F5-9A24990B4B9C}.Release|Any CPU.ActiveCfg = Release|Any CPU
		{99779B63-0E37-4F73-95F5-9A24990B4B9C}.Release|Any CPU.Build.0 = Release|Any CPU
	EndGlobalSection
	GlobalSection(SolutionProperties) = preSolution
		HideSolutionNode = FALSE
	EndGlobalSection
	GlobalSection(ExtensibilityGlobals) = postSolution
		SolutionGuid = {BAA32273-6E43-4AAE-93CA-26B484CE4672}
	EndGlobalSection
EndGlobal
